
Microsoft Visual Studio Solution File, Format Version 12.00
# Visual Studio Version 16
Project("{8BC9CEB8-8B4A-11D0-8D11-00A0C91BC942}") = "ALL_BUILD", "ALL_BUILD.vcxproj", "{06ADEA19-7C35-3FC4-9C76-72FE35CEDC3D}"
	ProjectSection(ProjectDependencies) = postProject
		{99339A51-2920-3319-B3F6-ABA68A939C33} = {99339A51-2920-3319-B3F6-ABA68A939C33}
	EndProjectSection
EndProject
Project("{8BC9CEB8-8B4A-11D0-8D11-00A0C91BC942}") = "INSTALL", "INSTALL.vcxproj", "{82A568A0-23FE-3EB9-B7DA-B475BA6CBCA6}"
	ProjectSection(ProjectDependencies) = postProject
		{06ADEA19-7C35-3FC4-9C76-72FE35CEDC3D} = {06ADEA19-7C35-3FC4-9C76-72FE35CEDC3D}
		{99339A51-2920-3319-B3F6-ABA68A939C33} = {99339A51-2920-3319-B3F6-ABA68A939C33}
	EndProjectSection
EndProject
Project("{8BC9CEB8-8B4A-11D0-8D11-00A0C91BC942}") = "PACKAGE", "PACKAGE.vcxproj", "{A39D7B57-405F-31BD-915E-DABE7B100A65}"
	ProjectSection(ProjectDependencies) = postProject
		{06ADEA19-7C35-3FC4-9C76-72FE35CEDC3D} = {06ADEA19-7C35-3FC4-9C76-72FE35CEDC3D}
		{99339A51-2920-3319-B3F6-ABA68A939C33} = {99339A51-2920-3319-B3F6-ABA68A939C33}
	EndProjectSection
EndProject
Project("{8BC9CEB8-8B4A-11D0-8D11-00A0C91BC942}") = "ZERO_CHECK", "..\\ZERO_CHECK.vcxproj", "{99339A51-2920-3319-B3F6-ABA68A939C33}"
	ProjectSection(ProjectDependencies) = postProject
	EndProjectSection
EndProject
Global
	GlobalSection(SolutionConfigurationPlatforms) = preSolution
		Debug|x64 = Debug|x64
		Release|x64 = Release|x64
		MinSizeRel|x64 = MinSizeRel|x64
		RelWithDebInfo|x64 = RelWithDebInfo|x64
	EndGlobalSection
	GlobalSection(ProjectConfigurationPlatforms) = postSolution
		{06ADEA19-7C35-3FC4-9C76-72FE35CEDC3D}.Debug|x64.ActiveCfg = Debug|x64
		{06ADEA19-7C35-3FC4-9C76-72FE35CEDC3D}.Debug|x64.Build.0 = Debug|x64
		{06ADEA19-7C35-3FC4-9C76-72FE35CEDC3D}.Release|x64.ActiveCfg = Release|x64
		{06ADEA19-7C35-3FC4-9C76-72FE35CEDC3D}.Release|x64.Build.0 = Release|x64
		{06ADEA19-7C35-3FC4-9C76-72FE35CEDC3D}.MinSizeRel|x64.ActiveCfg = MinSizeRel|x64
		{06ADEA19-7C35-3FC4-9C76-72FE35CEDC3D}.MinSizeRel|x64.Build.0 = MinSizeRel|x64
		{06ADEA19-7C35-3FC4-9C76-72FE35CEDC3D}.RelWithDebInfo|x64.ActiveCfg = RelWithDebInfo|x64
		{06ADEA19-7C35-3FC4-9C76-72FE35CEDC3D}.RelWithDebInfo|x64.Build.0 = RelWithDebInfo|x64
		{82A568A0-23FE-3EB9-B7DA-B475BA6CBCA6}.Debug|x64.ActiveCfg = Debug|x64
		{82A568A0-23FE-3EB9-B7DA-B475BA6CBCA6}.Release|x64.ActiveCfg = Release|x64
		{82A568A0-23FE-3EB9-B7DA-B475BA6CBCA6}.MinSizeRel|x64.ActiveCfg = MinSizeRel|x64
		{82A568A0-23FE-3EB9-B7DA-B475BA6CBCA6}.RelWithDebInfo|x64.ActiveCfg = RelWithDebInfo|x64
		{A39D7B57-405F-31BD-915E-DABE7B100A65}.Debug|x64.ActiveCfg = Debug|x64
		{A39D7B57-405F-31BD-915E-DABE7B100A65}.Release|x64.ActiveCfg = Release|x64
		{A39D7B57-405F-31BD-915E-DABE7B100A65}.MinSizeRel|x64.ActiveCfg = MinSizeRel|x64
		{A39D7B57-405F-31BD-915E-DABE7B100A65}.RelWithDebInfo|x64.ActiveCfg = RelWithDebInfo|x64
		{99339A51-2920-3319-B3F6-ABA68A939C33}.Debug|x64.ActiveCfg = Debug|x64
		{99339A51-2920-3319-B3F6-ABA68A939C33}.Debug|x64.Build.0 = Debug|x64
		{99339A51-2920-3319-B3F6-ABA68A939C33}.Release|x64.ActiveCfg = Release|x64
		{99339A51-2920-3319-B3F6-ABA68A939C33}.Release|x64.Build.0 = Release|x64
		{99339A51-2920-3319-B3F6-ABA68A939C33}.MinSizeRel|x64.ActiveCfg = MinSizeRel|x64
		{99339A51-2920-3319-B3F6-ABA68A939C33}.MinSizeRel|x64.Build.0 = MinSizeRel|x64
		{99339A51-2920-3319-B3F6-ABA68A939C33}.RelWithDebInfo|x64.ActiveCfg = RelWithDebInfo|x64
		{99339A51-2920-3319-B3F6-ABA68A939C33}.RelWithDebInfo|x64.Build.0 = RelWithDebInfo|x64
	EndGlobalSection
	GlobalSection(ExtensibilityGlobals) = postSolution
		SolutionGuid = {E76580C5-1CC4-3D83-8120-952966A2F9B2}
	EndGlobalSection
	GlobalSection(ExtensibilityAddIns) = postSolution
	EndGlobalSection
EndGlobal
