
Microsoft Visual Studio Solution File, Format Version 12.00
# Visual Studio Version 16
Project("{8BC9CEB8-8B4A-11D0-8D11-00A0C91BC942}") = "ALL_BUILD", "ALL_BUILD.vcxproj", "{3F82A835-ABCA-3120-9B24-4B969358C64B}"
	ProjectSection(ProjectDependencies) = postProject
		{0254D8C3-77E6-3E9A-B89F-27F1CA4248A5} = {0254D8C3-77E6-3E9A-B89F-27F1CA4248A5}
	EndProjectSection
EndProject
Project("{8BC9CEB8-8B4A-11D0-8D11-00A0C91BC942}") = "INSTALL", "INSTALL.vcxproj", "{EC0C83F8-BC7D-3629-B4DE-F50CC2BD5DA9}"
	ProjectSection(ProjectDependencies) = postProject
		{3F82A835-ABCA-3120-9B24-4B969358C64B} = {3F82A835-ABCA-3120-9B24-4B969358C64B}
		{0254D8C3-77E6-3E9A-B89F-27F1CA4248A5} = {0254D8C3-77E6-3E9A-B89F-27F1CA4248A5}
	EndProjectSection
EndProject
Project("{8BC9CEB8-8B4A-11D0-8D11-00A0C91BC942}") = "PACKAGE", "PACKAGE.vcxproj", "{7AB9ADF0-BB43-3CCE-B911-5AF674D5257D}"
	ProjectSection(ProjectDependencies) = postProject
		{3F82A835-ABCA-3120-9B24-4B969358C64B} = {3F82A835-ABCA-3120-9B24-4B969358C64B}
		{0254D8C3-77E6-3E9A-B89F-27F1CA4248A5} = {0254D8C3-77E6-3E9A-B89F-27F1CA4248A5}
	EndProjectSection
EndProject
Project("{8BC9CEB8-8B4A-11D0-8D11-00A0C91BC942}") = "ZERO_CHECK", "..\\ZERO_CHECK.vcxproj", "{0254D8C3-77E6-3E9A-B89F-27F1CA4248A5}"
	ProjectSection(ProjectDependencies) = postProject
	EndProjectSection
EndProject
Global
	GlobalSection(SolutionConfigurationPlatforms) = preSolution
		Debug|x64 = Debug|x64
		Release|x64 = Release|x64
		MinSizeRel|x64 = MinSizeRel|x64
		RelWithDebInfo|x64 = RelWithDebInfo|x64
	EndGlobalSection
	GlobalSection(ProjectConfigurationPlatforms) = postSolution
		{3F82A835-ABCA-3120-9B24-4B969358C64B}.Debug|x64.ActiveCfg = Debug|x64
		{3F82A835-ABCA-3120-9B24-4B969358C64B}.Debug|x64.Build.0 = Debug|x64
		{3F82A835-ABCA-3120-9B24-4B969358C64B}.Release|x64.ActiveCfg = Release|x64
		{3F82A835-ABCA-3120-9B24-4B969358C64B}.Release|x64.Build.0 = Release|x64
		{3F82A835-ABCA-3120-9B24-4B969358C64B}.MinSizeRel|x64.ActiveCfg = MinSizeRel|x64
		{3F82A835-ABCA-3120-9B24-4B969358C64B}.MinSizeRel|x64.Build.0 = MinSizeRel|x64
		{3F82A835-ABCA-3120-9B24-4B969358C64B}.RelWithDebInfo|x64.ActiveCfg = RelWithDebInfo|x64
		{3F82A835-ABCA-3120-9B24-4B969358C64B}.RelWithDebInfo|x64.Build.0 = RelWithDebInfo|x64
		{EC0C83F8-BC7D-3629-B4DE-F50CC2BD5DA9}.Debug|x64.ActiveCfg = Debug|x64
		{EC0C83F8-BC7D-3629-B4DE-F50CC2BD5DA9}.Release|x64.ActiveCfg = Release|x64
		{EC0C83F8-BC7D-3629-B4DE-F50CC2BD5DA9}.MinSizeRel|x64.ActiveCfg = MinSizeRel|x64
		{EC0C83F8-BC7D-3629-B4DE-F50CC2BD5DA9}.RelWithDebInfo|x64.ActiveCfg = RelWithDebInfo|x64
		{7AB9ADF0-BB43-3CCE-B911-5AF674D5257D}.Debug|x64.ActiveCfg = Debug|x64
		{7AB9ADF0-BB43-3CCE-B911-5AF674D5257D}.Release|x64.ActiveCfg = Release|x64
		{7AB9ADF0-BB43-3CCE-B911-5AF674D5257D}.MinSizeRel|x64.ActiveCfg = MinSizeRel|x64
		{7AB9ADF0-BB43-3CCE-B911-5AF674D5257D}.RelWithDebInfo|x64.ActiveCfg = RelWithDebInfo|x64
		{0254D8C3-77E6-3E9A-B89F-27F1CA4248A5}.Debug|x64.ActiveCfg = Debug|x64
		{0254D8C3-77E6-3E9A-B89F-27F1CA4248A5}.Debug|x64.Build.0 = Debug|x64
		{0254D8C3-77E6-3E9A-B89F-27F1CA4248A5}.Release|x64.ActiveCfg = Release|x64
		{0254D8C3-77E6-3E9A-B89F-27F1CA4248A5}.Release|x64.Build.0 = Release|x64
		{0254D8C3-77E6-3E9A-B89F-27F1CA4248A5}.MinSizeRel|x64.ActiveCfg = MinSizeRel|x64
		{0254D8C3-77E6-3E9A-B89F-27F1CA4248A5}.MinSizeRel|x64.Build.0 = MinSizeRel|x64
		{0254D8C3-77E6-3E9A-B89F-27F1CA4248A5}.RelWithDebInfo|x64.ActiveCfg = RelWithDebInfo|x64
		{0254D8C3-77E6-3E9A-B89F-27F1CA4248A5}.RelWithDebInfo|x64.Build.0 = RelWithDebInfo|x64
	EndGlobalSection
	GlobalSection(ExtensibilityGlobals) = postSolution
		SolutionGuid = {32613027-C663-308F-9E0D-95507F6D0F2D}
	EndGlobalSection
	GlobalSection(ExtensibilityAddIns) = postSolution
	EndGlobalSection
EndGlobal
